
Microsoft Visual Studio Solution File, Format Version 12.00
# Visual Studio 14
VisualStudioVersion = 14.0.25420.1
MinimumVisualStudioVersion = 10.0.40219.1
Project("{2150E333-8FDC-42A3-9474-1A3956D46DE8}") = "src", "src", "{0837E7B1-31F6-48EB-8445-A1C1D5CB82D3}"
EndProject
Project("{2150E333-8FDC-42A3-9474-1A3956D46DE8}") = "Solution Items", "Solution Items", "{7242EF89-59F8-4A2C-8696-557918EEDFC1}"
	ProjectSection(SolutionItems) = preProject
		global.json = global.json
		LICENSE = LICENSE
		README.md = README.md
	EndProjectSection
EndProject
Project("{2150E333-8FDC-42A3-9474-1A3956D46DE8}") = "samples", "samples", "{50F67FA6-ED77-4214-9ED0-FA6458B154B0}"
EndProject
Project("{2150E333-8FDC-42A3-9474-1A3956D46DE8}") = "test", "test", "{F9CE43E7-2576-4494-9A6A-87E2D89ACF0D}"
EndProject
EndProject
	GlobalSection(SolutionConfigurationPlatforms) = preSolution
		Debug|Any CPU = Debug|Any CPU
		Release|Any CPU = Release|Any CPU
	EndGlobalSection
	GlobalSection(ProjectConfigurationPlatforms) = postSolution
		{925882EC-C97C-4123-B9C8-B012DE05C2AE}.Debug|Any CPU.Build.0 = Debug|Any CPU
		{925882EC-C97C-4123-B9C8-B012DE05C2AE}.Release|Any CPU.ActiveCfg = Release|Any CPU
		{925882EC-C97C-4123-B9C8-B012DE05C2AE}.Release|Any CPU.Build.0 = Release|Any CPU
	GlobalSection(SolutionProperties) = preSolution
		HideSolutionNode = FALSE
	EndGlobalSection
	GlobalSection(NestedProjects) = preSolution
		{925882EC-C97C-4123-B9C8-B012DE05C2AE} = {0837E7B1-31F6-48EB-8445-A1C1D5CB82D3}
	EndGlobalSection
EndGlobal
