
Microsoft Visual Studio Solution File, Format Version 12.00
# Visual Studio 15
VisualStudioVersion = 15.0.26403.7
MinimumVisualStudioVersion = 10.0.40219.1
Project("{2150E333-8FDC-42A3-9474-1A3956D46DE8}") = "src", "src", "{0837E7B1-31F6-48EB-8445-A1C1D5CB82D3}"
EndProject
Project("{2150E333-8FDC-42A3-9474-1A3956D46DE8}") = "Solution Items", "Solution Items", "{7242EF89-59F8-4A2C-8696-557918EEDFC1}"
	ProjectSection(SolutionItems) = preProject
		dotnet-install.ps1 = dotnet-install.ps1
		LICENSE = LICENSE
		MyGet.ps1 = MyGet.ps1
		README.md = README.md
	EndProjectSection
EndProject
Project("{2150E333-8FDC-42A3-9474-1A3956D46DE8}") = "test", "test", "{F9CE43E7-2576-4494-9A6A-87E2D89ACF0D}"
EndProject
Project("{9A19103F-16F7-4668-BE54-9A1E7A4F7556}") = "Yeast.Multitenancy", "src\Yeast.Multitenancy\Yeast.Multitenancy.csproj", "{0C78370B-1C10-49A8-82AF-764DBB3AD285}"
EndProject
Project("{9A19103F-16F7-4668-BE54-9A1E7A4F7556}") = "Yeast.Multitenancy.Tests", "test\Yeast.Multitenancy.Tests\Yeast.Multitenancy.Tests.csproj", "{AC00AF2E-0462-4242-AD6D-75DEBC379823}"
EndProject
Project("{9A19103F-16F7-4668-BE54-9A1E7A4F7556}") = "Yeast.Modules", "src\Yeast.Modules\Yeast.Modules.csproj", "{88D990F9-0852-4FE6-A7EA-0EB90EEA1DC6}"
EndProject
Project("{FAE04EC0-301F-11D3-BF4B-00C04F79EFBC}") = "Yeast.Modules.Tests", "test\Yeast.Modules.Tests\Yeast.Modules.Tests.csproj", "{C0D33E4A-3ABF-4879-BFEC-79F699C2BB59}"
EndProject
Project("{2150E333-8FDC-42A3-9474-1A3956D46DE8}") = "Modules", "Modules", "{A5110279-498A-4DFE-A616-9A6688269570}"
EndProject
Project("{FAE04EC0-301F-11D3-BF4B-00C04F79EFBC}") = "ModuleA", "test\Modules\ModuleA\ModuleA.csproj", "{9A03E7E4-3B6D-41A7-9E05-CA03FFD819B2}"
EndProject
Project("{9A19103F-16F7-4668-BE54-9A1E7A4F7556}") = "ModuleB", "test\Modules\ModuleB\ModuleB.csproj", "{DE9D30B4-F8B5-4397-B18B-990D946F23CF}"
EndProject
Project("{FAE04EC0-301F-11D3-BF4B-00C04F79EFBC}") = "Yeast.Modules.Abstractions", "src\Yeast.Modules.Abstractions\Yeast.Modules.Abstractions.csproj", "{F1B4F366-76F7-4CBF-BEE4-989C6419DDC1}"
EndProject
Project("{FAE04EC0-301F-11D3-BF4B-00C04F79EFBC}") = "NotAModule", "test\Modules\NotAModule\NotAModule.csproj", "{6D94C189-F279-426E-B61F-83B31791E7B3}"
EndProject
Project("{FAE04EC0-301F-11D3-BF4B-00C04F79EFBC}") = "Yeast.Features.Abstractions", "src\Yeast.Features.Abstractions\Yeast.Features.Abstractions.csproj", "{15C92359-50A5-43AE-9738-657D30546727}"
EndProject
Project("{FAE04EC0-301F-11D3-BF4B-00C04F79EFBC}") = "Yeast.Features", "src\Yeast.Features\Yeast.Features.csproj", "{D92B72F6-0BAE-4E7E-9D46-21B9B18F97C8}"
EndProject
Project("{FAE04EC0-301F-11D3-BF4B-00C04F79EFBC}") = "Yeast.Features.Tests", "test\Yeast.Features.Tests\Yeast.Features.Tests.csproj", "{253844DF-B285-4E6C-B5F7-A7CE28A24717}"
EndProject
Project("{FAE04EC0-301F-11D3-BF4B-00C04F79EFBC}") = "Yeast.AspNetCore.Abstractions", "src\Yeast.AspNetCore.Abstractions\Yeast.AspNetCore.Abstractions.csproj", "{439B934A-93D2-4175-AE9F-3EB77F5E6777}"
EndProject
Project("{FAE04EC0-301F-11D3-BF4B-00C04F79EFBC}") = "Yeast.Mvc", "src\Yeast.Mvc\Yeast.Mvc.csproj", "{CB1FD0C3-73B9-4F82-B7C7-67D312951F36}"
EndProject
Project("{FAE04EC0-301F-11D3-BF4B-00C04F79EFBC}") = "Yeast.Mvc.Abstractions", "src\Yeast.Mvc.Abstractions\Yeast.Mvc.Abstractions.csproj", "{D5A9FC6A-9EB2-4649-BFFF-8E52F4A1FBB1}"
EndProject
Project("{FAE04EC0-301F-11D3-BF4B-00C04F79EFBC}") = "Yeast.Mvc.Tests", "test\Yeast.Mvc.Tests\Yeast.Mvc.Tests.csproj", "{89302421-B5D7-4383-94A5-48E43F8FD9F6}"
EndProject
Project("{FAE04EC0-301F-11D3-BF4B-00C04F79EFBC}") = "Yeast.AspNetCore", "src\Yeast.AspNetCore\Yeast.AspNetCore.csproj", "{82800480-5A26-4208-B70F-4CC2F8DB326F}"
EndProject
Project("{9A19103F-16F7-4668-BE54-9A1E7A4F7556}") = "Yeast.WebApi", "src\Yeast.WebApi\Yeast.WebApi.csproj", "{7679896F-87D7-4B79-A53C-2A2EF986CDA0}"
EndProject
Project("{FAE04EC0-301F-11D3-BF4B-00C04F79EFBC}") = "Yeast.Data", "src\Yeast.Data\Yeast.Data.csproj", "{7D496479-7F9C-409C-BD0F-A905D7E8918A}"
EndProject
Project("{FAE04EC0-301F-11D3-BF4B-00C04F79EFBC}") = "Yeast.Security.Jwt", "src\Yeast.Security.Jwt\Yeast.Security.Jwt.csproj", "{6DB4E961-9B05-4DFB-B873-42B010864704}"
EndProject
Global
	GlobalSection(SolutionConfigurationPlatforms) = preSolution
		Debug|Any CPU = Debug|Any CPU
		Debug|x64 = Debug|x64
		Debug|x86 = Debug|x86
		Release|Any CPU = Release|Any CPU
		Release|x64 = Release|x64
		Release|x86 = Release|x86
	EndGlobalSection
	GlobalSection(ProjectConfigurationPlatforms) = postSolution
		{0C78370B-1C10-49A8-82AF-764DBB3AD285}.Debug|Any CPU.ActiveCfg = Debug|Any CPU
		{0C78370B-1C10-49A8-82AF-764DBB3AD285}.Debug|Any CPU.Build.0 = Debug|Any CPU
		{0C78370B-1C10-49A8-82AF-764DBB3AD285}.Debug|x64.ActiveCfg = Debug|Any CPU
		{0C78370B-1C10-49A8-82AF-764DBB3AD285}.Debug|x64.Build.0 = Debug|Any CPU
		{0C78370B-1C10-49A8-82AF-764DBB3AD285}.Debug|x86.ActiveCfg = Debug|Any CPU
		{0C78370B-1C10-49A8-82AF-764DBB3AD285}.Debug|x86.Build.0 = Debug|Any CPU
		{0C78370B-1C10-49A8-82AF-764DBB3AD285}.Release|Any CPU.ActiveCfg = Release|Any CPU
		{0C78370B-1C10-49A8-82AF-764DBB3AD285}.Release|Any CPU.Build.0 = Release|Any CPU
		{0C78370B-1C10-49A8-82AF-764DBB3AD285}.Release|x64.ActiveCfg = Release|Any CPU
		{0C78370B-1C10-49A8-82AF-764DBB3AD285}.Release|x64.Build.0 = Release|Any CPU
		{0C78370B-1C10-49A8-82AF-764DBB3AD285}.Release|x86.ActiveCfg = Release|Any CPU
		{0C78370B-1C10-49A8-82AF-764DBB3AD285}.Release|x86.Build.0 = Release|Any CPU
		{AC00AF2E-0462-4242-AD6D-75DEBC379823}.Debug|Any CPU.ActiveCfg = Debug|Any CPU
		{AC00AF2E-0462-4242-AD6D-75DEBC379823}.Debug|Any CPU.Build.0 = Debug|Any CPU
		{AC00AF2E-0462-4242-AD6D-75DEBC379823}.Debug|x64.ActiveCfg = Debug|Any CPU
		{AC00AF2E-0462-4242-AD6D-75DEBC379823}.Debug|x64.Build.0 = Debug|Any CPU
		{AC00AF2E-0462-4242-AD6D-75DEBC379823}.Debug|x86.ActiveCfg = Debug|Any CPU
		{AC00AF2E-0462-4242-AD6D-75DEBC379823}.Debug|x86.Build.0 = Debug|Any CPU
		{AC00AF2E-0462-4242-AD6D-75DEBC379823}.Release|Any CPU.ActiveCfg = Release|Any CPU
		{AC00AF2E-0462-4242-AD6D-75DEBC379823}.Release|Any CPU.Build.0 = Release|Any CPU
		{AC00AF2E-0462-4242-AD6D-75DEBC379823}.Release|x64.ActiveCfg = Release|Any CPU
		{AC00AF2E-0462-4242-AD6D-75DEBC379823}.Release|x64.Build.0 = Release|Any CPU
		{AC00AF2E-0462-4242-AD6D-75DEBC379823}.Release|x86.ActiveCfg = Release|Any CPU
		{AC00AF2E-0462-4242-AD6D-75DEBC379823}.Release|x86.Build.0 = Release|Any CPU
		{88D990F9-0852-4FE6-A7EA-0EB90EEA1DC6}.Debug|Any CPU.ActiveCfg = Debug|Any CPU
		{88D990F9-0852-4FE6-A7EA-0EB90EEA1DC6}.Debug|Any CPU.Build.0 = Debug|Any CPU
		{88D990F9-0852-4FE6-A7EA-0EB90EEA1DC6}.Debug|x64.ActiveCfg = Debug|Any CPU
		{88D990F9-0852-4FE6-A7EA-0EB90EEA1DC6}.Debug|x64.Build.0 = Debug|Any CPU
		{88D990F9-0852-4FE6-A7EA-0EB90EEA1DC6}.Debug|x86.ActiveCfg = Debug|Any CPU
		{88D990F9-0852-4FE6-A7EA-0EB90EEA1DC6}.Debug|x86.Build.0 = Debug|Any CPU
		{88D990F9-0852-4FE6-A7EA-0EB90EEA1DC6}.Release|Any CPU.ActiveCfg = Release|Any CPU
		{88D990F9-0852-4FE6-A7EA-0EB90EEA1DC6}.Release|Any CPU.Build.0 = Release|Any CPU
		{88D990F9-0852-4FE6-A7EA-0EB90EEA1DC6}.Release|x64.ActiveCfg = Release|Any CPU
		{88D990F9-0852-4FE6-A7EA-0EB90EEA1DC6}.Release|x64.Build.0 = Release|Any CPU
		{88D990F9-0852-4FE6-A7EA-0EB90EEA1DC6}.Release|x86.ActiveCfg = Release|Any CPU
		{88D990F9-0852-4FE6-A7EA-0EB90EEA1DC6}.Release|x86.Build.0 = Release|Any CPU
		{C0D33E4A-3ABF-4879-BFEC-79F699C2BB59}.Debug|Any CPU.ActiveCfg = Debug|Any CPU
		{C0D33E4A-3ABF-4879-BFEC-79F699C2BB59}.Debug|Any CPU.Build.0 = Debug|Any CPU
		{C0D33E4A-3ABF-4879-BFEC-79F699C2BB59}.Debug|x64.ActiveCfg = Debug|Any CPU
		{C0D33E4A-3ABF-4879-BFEC-79F699C2BB59}.Debug|x64.Build.0 = Debug|Any CPU
		{C0D33E4A-3ABF-4879-BFEC-79F699C2BB59}.Debug|x86.ActiveCfg = Debug|Any CPU
		{C0D33E4A-3ABF-4879-BFEC-79F699C2BB59}.Debug|x86.Build.0 = Debug|Any CPU
		{C0D33E4A-3ABF-4879-BFEC-79F699C2BB59}.Release|Any CPU.ActiveCfg = Release|Any CPU
		{C0D33E4A-3ABF-4879-BFEC-79F699C2BB59}.Release|Any CPU.Build.0 = Release|Any CPU
		{C0D33E4A-3ABF-4879-BFEC-79F699C2BB59}.Release|x64.ActiveCfg = Release|Any CPU
		{C0D33E4A-3ABF-4879-BFEC-79F699C2BB59}.Release|x64.Build.0 = Release|Any CPU
		{C0D33E4A-3ABF-4879-BFEC-79F699C2BB59}.Release|x86.ActiveCfg = Release|Any CPU
		{C0D33E4A-3ABF-4879-BFEC-79F699C2BB59}.Release|x86.Build.0 = Release|Any CPU
		{9A03E7E4-3B6D-41A7-9E05-CA03FFD819B2}.Debug|Any CPU.ActiveCfg = Debug|Any CPU
		{9A03E7E4-3B6D-41A7-9E05-CA03FFD819B2}.Debug|Any CPU.Build.0 = Debug|Any CPU
		{9A03E7E4-3B6D-41A7-9E05-CA03FFD819B2}.Debug|x64.ActiveCfg = Debug|Any CPU
		{9A03E7E4-3B6D-41A7-9E05-CA03FFD819B2}.Debug|x64.Build.0 = Debug|Any CPU
		{9A03E7E4-3B6D-41A7-9E05-CA03FFD819B2}.Debug|x86.ActiveCfg = Debug|Any CPU
		{9A03E7E4-3B6D-41A7-9E05-CA03FFD819B2}.Debug|x86.Build.0 = Debug|Any CPU
		{9A03E7E4-3B6D-41A7-9E05-CA03FFD819B2}.Release|Any CPU.ActiveCfg = Release|Any CPU
		{9A03E7E4-3B6D-41A7-9E05-CA03FFD819B2}.Release|Any CPU.Build.0 = Release|Any CPU
		{9A03E7E4-3B6D-41A7-9E05-CA03FFD819B2}.Release|x64.ActiveCfg = Release|Any CPU
		{9A03E7E4-3B6D-41A7-9E05-CA03FFD819B2}.Release|x64.Build.0 = Release|Any CPU
		{9A03E7E4-3B6D-41A7-9E05-CA03FFD819B2}.Release|x86.ActiveCfg = Release|Any CPU
		{9A03E7E4-3B6D-41A7-9E05-CA03FFD819B2}.Release|x86.Build.0 = Release|Any CPU
		{DE9D30B4-F8B5-4397-B18B-990D946F23CF}.Debug|Any CPU.ActiveCfg = Debug|Any CPU
		{DE9D30B4-F8B5-4397-B18B-990D946F23CF}.Debug|Any CPU.Build.0 = Debug|Any CPU
		{DE9D30B4-F8B5-4397-B18B-990D946F23CF}.Debug|x64.ActiveCfg = Debug|Any CPU
		{DE9D30B4-F8B5-4397-B18B-990D946F23CF}.Debug|x64.Build.0 = Debug|Any CPU
		{DE9D30B4-F8B5-4397-B18B-990D946F23CF}.Debug|x86.ActiveCfg = Debug|Any CPU
		{DE9D30B4-F8B5-4397-B18B-990D946F23CF}.Debug|x86.Build.0 = Debug|Any CPU
		{DE9D30B4-F8B5-4397-B18B-990D946F23CF}.Release|Any CPU.ActiveCfg = Release|Any CPU
		{DE9D30B4-F8B5-4397-B18B-990D946F23CF}.Release|Any CPU.Build.0 = Release|Any CPU
		{DE9D30B4-F8B5-4397-B18B-990D946F23CF}.Release|x64.ActiveCfg = Release|Any CPU
		{DE9D30B4-F8B5-4397-B18B-990D946F23CF}.Release|x64.Build.0 = Release|Any CPU
		{DE9D30B4-F8B5-4397-B18B-990D946F23CF}.Release|x86.ActiveCfg = Release|Any CPU
		{DE9D30B4-F8B5-4397-B18B-990D946F23CF}.Release|x86.Build.0 = Release|Any CPU
		{F1B4F366-76F7-4CBF-BEE4-989C6419DDC1}.Debug|Any CPU.ActiveCfg = Debug|Any CPU
		{F1B4F366-76F7-4CBF-BEE4-989C6419DDC1}.Debug|Any CPU.Build.0 = Debug|Any CPU
		{F1B4F366-76F7-4CBF-BEE4-989C6419DDC1}.Debug|x64.ActiveCfg = Debug|Any CPU
		{F1B4F366-76F7-4CBF-BEE4-989C6419DDC1}.Debug|x64.Build.0 = Debug|Any CPU
		{F1B4F366-76F7-4CBF-BEE4-989C6419DDC1}.Debug|x86.ActiveCfg = Debug|Any CPU
		{F1B4F366-76F7-4CBF-BEE4-989C6419DDC1}.Debug|x86.Build.0 = Debug|Any CPU
		{F1B4F366-76F7-4CBF-BEE4-989C6419DDC1}.Release|Any CPU.ActiveCfg = Release|Any CPU
		{F1B4F366-76F7-4CBF-BEE4-989C6419DDC1}.Release|Any CPU.Build.0 = Release|Any CPU
		{F1B4F366-76F7-4CBF-BEE4-989C6419DDC1}.Release|x64.ActiveCfg = Release|Any CPU
		{F1B4F366-76F7-4CBF-BEE4-989C6419DDC1}.Release|x64.Build.0 = Release|Any CPU
		{F1B4F366-76F7-4CBF-BEE4-989C6419DDC1}.Release|x86.ActiveCfg = Release|Any CPU
		{F1B4F366-76F7-4CBF-BEE4-989C6419DDC1}.Release|x86.Build.0 = Release|Any CPU
		{6D94C189-F279-426E-B61F-83B31791E7B3}.Debug|Any CPU.ActiveCfg = Debug|Any CPU
		{6D94C189-F279-426E-B61F-83B31791E7B3}.Debug|Any CPU.Build.0 = Debug|Any CPU
		{6D94C189-F279-426E-B61F-83B31791E7B3}.Debug|x64.ActiveCfg = Debug|Any CPU
		{6D94C189-F279-426E-B61F-83B31791E7B3}.Debug|x64.Build.0 = Debug|Any CPU
		{6D94C189-F279-426E-B61F-83B31791E7B3}.Debug|x86.ActiveCfg = Debug|Any CPU
		{6D94C189-F279-426E-B61F-83B31791E7B3}.Debug|x86.Build.0 = Debug|Any CPU
		{6D94C189-F279-426E-B61F-83B31791E7B3}.Release|Any CPU.ActiveCfg = Release|Any CPU
		{6D94C189-F279-426E-B61F-83B31791E7B3}.Release|Any CPU.Build.0 = Release|Any CPU
		{6D94C189-F279-426E-B61F-83B31791E7B3}.Release|x64.ActiveCfg = Release|Any CPU
		{6D94C189-F279-426E-B61F-83B31791E7B3}.Release|x64.Build.0 = Release|Any CPU
		{6D94C189-F279-426E-B61F-83B31791E7B3}.Release|x86.ActiveCfg = Release|Any CPU
		{6D94C189-F279-426E-B61F-83B31791E7B3}.Release|x86.Build.0 = Release|Any CPU
		{15C92359-50A5-43AE-9738-657D30546727}.Debug|Any CPU.ActiveCfg = Debug|Any CPU
		{15C92359-50A5-43AE-9738-657D30546727}.Debug|Any CPU.Build.0 = Debug|Any CPU
		{15C92359-50A5-43AE-9738-657D30546727}.Debug|x64.ActiveCfg = Debug|Any CPU
		{15C92359-50A5-43AE-9738-657D30546727}.Debug|x64.Build.0 = Debug|Any CPU
		{15C92359-50A5-43AE-9738-657D30546727}.Debug|x86.ActiveCfg = Debug|Any CPU
		{15C92359-50A5-43AE-9738-657D30546727}.Debug|x86.Build.0 = Debug|Any CPU
		{15C92359-50A5-43AE-9738-657D30546727}.Release|Any CPU.ActiveCfg = Release|Any CPU
		{15C92359-50A5-43AE-9738-657D30546727}.Release|Any CPU.Build.0 = Release|Any CPU
		{15C92359-50A5-43AE-9738-657D30546727}.Release|x64.ActiveCfg = Release|Any CPU
		{15C92359-50A5-43AE-9738-657D30546727}.Release|x64.Build.0 = Release|Any CPU
		{15C92359-50A5-43AE-9738-657D30546727}.Release|x86.ActiveCfg = Release|Any CPU
		{15C92359-50A5-43AE-9738-657D30546727}.Release|x86.Build.0 = Release|Any CPU
		{D92B72F6-0BAE-4E7E-9D46-21B9B18F97C8}.Debug|Any CPU.ActiveCfg = Debug|Any CPU
		{D92B72F6-0BAE-4E7E-9D46-21B9B18F97C8}.Debug|Any CPU.Build.0 = Debug|Any CPU
		{D92B72F6-0BAE-4E7E-9D46-21B9B18F97C8}.Debug|x64.ActiveCfg = Debug|Any CPU
		{D92B72F6-0BAE-4E7E-9D46-21B9B18F97C8}.Debug|x64.Build.0 = Debug|Any CPU
		{D92B72F6-0BAE-4E7E-9D46-21B9B18F97C8}.Debug|x86.ActiveCfg = Debug|Any CPU
		{D92B72F6-0BAE-4E7E-9D46-21B9B18F97C8}.Debug|x86.Build.0 = Debug|Any CPU
		{D92B72F6-0BAE-4E7E-9D46-21B9B18F97C8}.Release|Any CPU.ActiveCfg = Release|Any CPU
		{D92B72F6-0BAE-4E7E-9D46-21B9B18F97C8}.Release|Any CPU.Build.0 = Release|Any CPU
		{D92B72F6-0BAE-4E7E-9D46-21B9B18F97C8}.Release|x64.ActiveCfg = Release|Any CPU
		{D92B72F6-0BAE-4E7E-9D46-21B9B18F97C8}.Release|x64.Build.0 = Release|Any CPU
		{D92B72F6-0BAE-4E7E-9D46-21B9B18F97C8}.Release|x86.ActiveCfg = Release|Any CPU
		{D92B72F6-0BAE-4E7E-9D46-21B9B18F97C8}.Release|x86.Build.0 = Release|Any CPU
		{253844DF-B285-4E6C-B5F7-A7CE28A24717}.Debug|Any CPU.ActiveCfg = Debug|Any CPU
		{253844DF-B285-4E6C-B5F7-A7CE28A24717}.Debug|Any CPU.Build.0 = Debug|Any CPU
		{253844DF-B285-4E6C-B5F7-A7CE28A24717}.Debug|x64.ActiveCfg = Debug|Any CPU
		{253844DF-B285-4E6C-B5F7-A7CE28A24717}.Debug|x64.Build.0 = Debug|Any CPU
		{253844DF-B285-4E6C-B5F7-A7CE28A24717}.Debug|x86.ActiveCfg = Debug|Any CPU
		{253844DF-B285-4E6C-B5F7-A7CE28A24717}.Debug|x86.Build.0 = Debug|Any CPU
		{253844DF-B285-4E6C-B5F7-A7CE28A24717}.Release|Any CPU.ActiveCfg = Release|Any CPU
		{253844DF-B285-4E6C-B5F7-A7CE28A24717}.Release|Any CPU.Build.0 = Release|Any CPU
		{253844DF-B285-4E6C-B5F7-A7CE28A24717}.Release|x64.ActiveCfg = Release|Any CPU
		{253844DF-B285-4E6C-B5F7-A7CE28A24717}.Release|x64.Build.0 = Release|Any CPU
		{253844DF-B285-4E6C-B5F7-A7CE28A24717}.Release|x86.ActiveCfg = Release|Any CPU
		{253844DF-B285-4E6C-B5F7-A7CE28A24717}.Release|x86.Build.0 = Release|Any CPU
		{439B934A-93D2-4175-AE9F-3EB77F5E6777}.Debug|Any CPU.ActiveCfg = Debug|Any CPU
		{439B934A-93D2-4175-AE9F-3EB77F5E6777}.Debug|Any CPU.Build.0 = Debug|Any CPU
		{439B934A-93D2-4175-AE9F-3EB77F5E6777}.Debug|x64.ActiveCfg = Debug|Any CPU
		{439B934A-93D2-4175-AE9F-3EB77F5E6777}.Debug|x64.Build.0 = Debug|Any CPU
		{439B934A-93D2-4175-AE9F-3EB77F5E6777}.Debug|x86.ActiveCfg = Debug|Any CPU
		{439B934A-93D2-4175-AE9F-3EB77F5E6777}.Debug|x86.Build.0 = Debug|Any CPU
		{439B934A-93D2-4175-AE9F-3EB77F5E6777}.Release|Any CPU.ActiveCfg = Release|Any CPU
		{439B934A-93D2-4175-AE9F-3EB77F5E6777}.Release|Any CPU.Build.0 = Release|Any CPU
		{439B934A-93D2-4175-AE9F-3EB77F5E6777}.Release|x64.ActiveCfg = Release|Any CPU
		{439B934A-93D2-4175-AE9F-3EB77F5E6777}.Release|x64.Build.0 = Release|Any CPU
		{439B934A-93D2-4175-AE9F-3EB77F5E6777}.Release|x86.ActiveCfg = Release|Any CPU
		{439B934A-93D2-4175-AE9F-3EB77F5E6777}.Release|x86.Build.0 = Release|Any CPU
		{CB1FD0C3-73B9-4F82-B7C7-67D312951F36}.Debug|Any CPU.ActiveCfg = Debug|Any CPU
		{CB1FD0C3-73B9-4F82-B7C7-67D312951F36}.Debug|Any CPU.Build.0 = Debug|Any CPU
		{CB1FD0C3-73B9-4F82-B7C7-67D312951F36}.Debug|x64.ActiveCfg = Debug|Any CPU
		{CB1FD0C3-73B9-4F82-B7C7-67D312951F36}.Debug|x64.Build.0 = Debug|Any CPU
		{CB1FD0C3-73B9-4F82-B7C7-67D312951F36}.Debug|x86.ActiveCfg = Debug|Any CPU
		{CB1FD0C3-73B9-4F82-B7C7-67D312951F36}.Debug|x86.Build.0 = Debug|Any CPU
		{CB1FD0C3-73B9-4F82-B7C7-67D312951F36}.Release|Any CPU.ActiveCfg = Release|Any CPU
		{CB1FD0C3-73B9-4F82-B7C7-67D312951F36}.Release|Any CPU.Build.0 = Release|Any CPU
		{CB1FD0C3-73B9-4F82-B7C7-67D312951F36}.Release|x64.ActiveCfg = Release|Any CPU
		{CB1FD0C3-73B9-4F82-B7C7-67D312951F36}.Release|x64.Build.0 = Release|Any CPU
		{CB1FD0C3-73B9-4F82-B7C7-67D312951F36}.Release|x86.ActiveCfg = Release|Any CPU
		{CB1FD0C3-73B9-4F82-B7C7-67D312951F36}.Release|x86.Build.0 = Release|Any CPU
		{D5A9FC6A-9EB2-4649-BFFF-8E52F4A1FBB1}.Debug|Any CPU.ActiveCfg = Debug|Any CPU
		{D5A9FC6A-9EB2-4649-BFFF-8E52F4A1FBB1}.Debug|Any CPU.Build.0 = Debug|Any CPU
		{D5A9FC6A-9EB2-4649-BFFF-8E52F4A1FBB1}.Debug|x64.ActiveCfg = Debug|Any CPU
		{D5A9FC6A-9EB2-4649-BFFF-8E52F4A1FBB1}.Debug|x64.Build.0 = Debug|Any CPU
		{D5A9FC6A-9EB2-4649-BFFF-8E52F4A1FBB1}.Debug|x86.ActiveCfg = Debug|Any CPU
		{D5A9FC6A-9EB2-4649-BFFF-8E52F4A1FBB1}.Debug|x86.Build.0 = Debug|Any CPU
		{D5A9FC6A-9EB2-4649-BFFF-8E52F4A1FBB1}.Release|Any CPU.ActiveCfg = Release|Any CPU
		{D5A9FC6A-9EB2-4649-BFFF-8E52F4A1FBB1}.Release|Any CPU.Build.0 = Release|Any CPU
		{D5A9FC6A-9EB2-4649-BFFF-8E52F4A1FBB1}.Release|x64.ActiveCfg = Release|Any CPU
		{D5A9FC6A-9EB2-4649-BFFF-8E52F4A1FBB1}.Release|x64.Build.0 = Release|Any CPU
		{D5A9FC6A-9EB2-4649-BFFF-8E52F4A1FBB1}.Release|x86.ActiveCfg = Release|Any CPU
		{D5A9FC6A-9EB2-4649-BFFF-8E52F4A1FBB1}.Release|x86.Build.0 = Release|Any CPU
		{89302421-B5D7-4383-94A5-48E43F8FD9F6}.Debug|Any CPU.ActiveCfg = Debug|Any CPU
		{89302421-B5D7-4383-94A5-48E43F8FD9F6}.Debug|Any CPU.Build.0 = Debug|Any CPU
		{89302421-B5D7-4383-94A5-48E43F8FD9F6}.Debug|x64.ActiveCfg = Debug|Any CPU
		{89302421-B5D7-4383-94A5-48E43F8FD9F6}.Debug|x64.Build.0 = Debug|Any CPU
		{89302421-B5D7-4383-94A5-48E43F8FD9F6}.Debug|x86.ActiveCfg = Debug|Any CPU
		{89302421-B5D7-4383-94A5-48E43F8FD9F6}.Debug|x86.Build.0 = Debug|Any CPU
		{89302421-B5D7-4383-94A5-48E43F8FD9F6}.Release|Any CPU.ActiveCfg = Release|Any CPU
		{89302421-B5D7-4383-94A5-48E43F8FD9F6}.Release|Any CPU.Build.0 = Release|Any CPU
		{89302421-B5D7-4383-94A5-48E43F8FD9F6}.Release|x64.ActiveCfg = Release|Any CPU
		{89302421-B5D7-4383-94A5-48E43F8FD9F6}.Release|x64.Build.0 = Release|Any CPU
		{89302421-B5D7-4383-94A5-48E43F8FD9F6}.Release|x86.ActiveCfg = Release|Any CPU
		{89302421-B5D7-4383-94A5-48E43F8FD9F6}.Release|x86.Build.0 = Release|Any CPU
		{82800480-5A26-4208-B70F-4CC2F8DB326F}.Debug|Any CPU.ActiveCfg = Debug|Any CPU
		{82800480-5A26-4208-B70F-4CC2F8DB326F}.Debug|Any CPU.Build.0 = Debug|Any CPU
		{82800480-5A26-4208-B70F-4CC2F8DB326F}.Debug|x64.ActiveCfg = Debug|Any CPU
		{82800480-5A26-4208-B70F-4CC2F8DB326F}.Debug|x64.Build.0 = Debug|Any CPU
		{82800480-5A26-4208-B70F-4CC2F8DB326F}.Debug|x86.ActiveCfg = Debug|Any CPU
		{82800480-5A26-4208-B70F-4CC2F8DB326F}.Debug|x86.Build.0 = Debug|Any CPU
		{82800480-5A26-4208-B70F-4CC2F8DB326F}.Release|Any CPU.ActiveCfg = Release|Any CPU
		{82800480-5A26-4208-B70F-4CC2F8DB326F}.Release|Any CPU.Build.0 = Release|Any CPU
		{82800480-5A26-4208-B70F-4CC2F8DB326F}.Release|x64.ActiveCfg = Release|Any CPU
		{82800480-5A26-4208-B70F-4CC2F8DB326F}.Release|x64.Build.0 = Release|Any CPU
		{82800480-5A26-4208-B70F-4CC2F8DB326F}.Release|x86.ActiveCfg = Release|Any CPU
		{82800480-5A26-4208-B70F-4CC2F8DB326F}.Release|x86.Build.0 = Release|Any CPU
		{7679896F-87D7-4B79-A53C-2A2EF986CDA0}.Debug|Any CPU.ActiveCfg = Debug|Any CPU
		{7679896F-87D7-4B79-A53C-2A2EF986CDA0}.Debug|Any CPU.Build.0 = Debug|Any CPU
		{7679896F-87D7-4B79-A53C-2A2EF986CDA0}.Debug|x64.ActiveCfg = Debug|Any CPU
		{7679896F-87D7-4B79-A53C-2A2EF986CDA0}.Debug|x64.Build.0 = Debug|Any CPU
		{7679896F-87D7-4B79-A53C-2A2EF986CDA0}.Debug|x86.ActiveCfg = Debug|Any CPU
		{7679896F-87D7-4B79-A53C-2A2EF986CDA0}.Debug|x86.Build.0 = Debug|Any CPU
		{7679896F-87D7-4B79-A53C-2A2EF986CDA0}.Release|Any CPU.ActiveCfg = Release|Any CPU
		{7679896F-87D7-4B79-A53C-2A2EF986CDA0}.Release|Any CPU.Build.0 = Release|Any CPU
		{7679896F-87D7-4B79-A53C-2A2EF986CDA0}.Release|x64.ActiveCfg = Release|Any CPU
		{7679896F-87D7-4B79-A53C-2A2EF986CDA0}.Release|x64.Build.0 = Release|Any CPU
		{7679896F-87D7-4B79-A53C-2A2EF986CDA0}.Release|x86.ActiveCfg = Release|Any CPU
		{7679896F-87D7-4B79-A53C-2A2EF986CDA0}.Release|x86.Build.0 = Release|Any CPU
		{7D496479-7F9C-409C-BD0F-A905D7E8918A}.Debug|Any CPU.ActiveCfg = Debug|Any CPU
		{7D496479-7F9C-409C-BD0F-A905D7E8918A}.Debug|Any CPU.Build.0 = Debug|Any CPU
		{7D496479-7F9C-409C-BD0F-A905D7E8918A}.Debug|x64.ActiveCfg = Debug|Any CPU
		{7D496479-7F9C-409C-BD0F-A905D7E8918A}.Debug|x64.Build.0 = Debug|Any CPU
		{7D496479-7F9C-409C-BD0F-A905D7E8918A}.Debug|x86.ActiveCfg = Debug|Any CPU
		{7D496479-7F9C-409C-BD0F-A905D7E8918A}.Debug|x86.Build.0 = Debug|Any CPU
		{7D496479-7F9C-409C-BD0F-A905D7E8918A}.Release|Any CPU.ActiveCfg = Release|Any CPU
		{7D496479-7F9C-409C-BD0F-A905D7E8918A}.Release|Any CPU.Build.0 = Release|Any CPU
		{7D496479-7F9C-409C-BD0F-A905D7E8918A}.Release|x64.ActiveCfg = Release|Any CPU
		{7D496479-7F9C-409C-BD0F-A905D7E8918A}.Release|x64.Build.0 = Release|Any CPU
		{7D496479-7F9C-409C-BD0F-A905D7E8918A}.Release|x86.ActiveCfg = Release|Any CPU
		{7D496479-7F9C-409C-BD0F-A905D7E8918A}.Release|x86.Build.0 = Release|Any CPU
		{6DB4E961-9B05-4DFB-B873-42B010864704}.Debug|Any CPU.ActiveCfg = Debug|Any CPU
		{6DB4E961-9B05-4DFB-B873-42B010864704}.Debug|Any CPU.Build.0 = Debug|Any CPU
		{6DB4E961-9B05-4DFB-B873-42B010864704}.Debug|x64.ActiveCfg = Debug|Any CPU
		{6DB4E961-9B05-4DFB-B873-42B010864704}.Debug|x64.Build.0 = Debug|Any CPU
		{6DB4E961-9B05-4DFB-B873-42B010864704}.Debug|x86.ActiveCfg = Debug|Any CPU
		{6DB4E961-9B05-4DFB-B873-42B010864704}.Debug|x86.Build.0 = Debug|Any CPU
		{6DB4E961-9B05-4DFB-B873-42B010864704}.Release|Any CPU.ActiveCfg = Release|Any CPU
		{6DB4E961-9B05-4DFB-B873-42B010864704}.Release|Any CPU.Build.0 = Release|Any CPU
		{6DB4E961-9B05-4DFB-B873-42B010864704}.Release|x64.ActiveCfg = Release|Any CPU
		{6DB4E961-9B05-4DFB-B873-42B010864704}.Release|x64.Build.0 = Release|Any CPU
		{6DB4E961-9B05-4DFB-B873-42B010864704}.Release|x86.ActiveCfg = Release|Any CPU
		{6DB4E961-9B05-4DFB-B873-42B010864704}.Release|x86.Build.0 = Release|Any CPU
	EndGlobalSection
	GlobalSection(SolutionProperties) = preSolution
		HideSolutionNode = FALSE
	EndGlobalSection
	GlobalSection(NestedProjects) = preSolution
		{0C78370B-1C10-49A8-82AF-764DBB3AD285} = {0837E7B1-31F6-48EB-8445-A1C1D5CB82D3}
		{AC00AF2E-0462-4242-AD6D-75DEBC379823} = {F9CE43E7-2576-4494-9A6A-87E2D89ACF0D}
		{88D990F9-0852-4FE6-A7EA-0EB90EEA1DC6} = {0837E7B1-31F6-48EB-8445-A1C1D5CB82D3}
		{C0D33E4A-3ABF-4879-BFEC-79F699C2BB59} = {F9CE43E7-2576-4494-9A6A-87E2D89ACF0D}
		{A5110279-498A-4DFE-A616-9A6688269570} = {F9CE43E7-2576-4494-9A6A-87E2D89ACF0D}
		{9A03E7E4-3B6D-41A7-9E05-CA03FFD819B2} = {A5110279-498A-4DFE-A616-9A6688269570}
		{DE9D30B4-F8B5-4397-B18B-990D946F23CF} = {A5110279-498A-4DFE-A616-9A6688269570}
		{F1B4F366-76F7-4CBF-BEE4-989C6419DDC1} = {0837E7B1-31F6-48EB-8445-A1C1D5CB82D3}
		{6D94C189-F279-426E-B61F-83B31791E7B3} = {A5110279-498A-4DFE-A616-9A6688269570}
		{15C92359-50A5-43AE-9738-657D30546727} = {0837E7B1-31F6-48EB-8445-A1C1D5CB82D3}
		{D92B72F6-0BAE-4E7E-9D46-21B9B18F97C8} = {0837E7B1-31F6-48EB-8445-A1C1D5CB82D3}
		{253844DF-B285-4E6C-B5F7-A7CE28A24717} = {F9CE43E7-2576-4494-9A6A-87E2D89ACF0D}
		{439B934A-93D2-4175-AE9F-3EB77F5E6777} = {0837E7B1-31F6-48EB-8445-A1C1D5CB82D3}
		{CB1FD0C3-73B9-4F82-B7C7-67D312951F36} = {0837E7B1-31F6-48EB-8445-A1C1D5CB82D3}
		{D5A9FC6A-9EB2-4649-BFFF-8E52F4A1FBB1} = {0837E7B1-31F6-48EB-8445-A1C1D5CB82D3}
		{89302421-B5D7-4383-94A5-48E43F8FD9F6} = {F9CE43E7-2576-4494-9A6A-87E2D89ACF0D}
		{82800480-5A26-4208-B70F-4CC2F8DB326F} = {0837E7B1-31F6-48EB-8445-A1C1D5CB82D3}
		{7679896F-87D7-4B79-A53C-2A2EF986CDA0} = {0837E7B1-31F6-48EB-8445-A1C1D5CB82D3}
		{7D496479-7F9C-409C-BD0F-A905D7E8918A} = {0837E7B1-31F6-48EB-8445-A1C1D5CB82D3}
		{6DB4E961-9B05-4DFB-B873-42B010864704} = {0837E7B1-31F6-48EB-8445-A1C1D5CB82D3}
	EndGlobalSection
EndGlobal
